{
  "name": "shipvitals",
  "version": "1.0.0-beta.1",
  "lockfileVersion": 3,
  "requires": true,
  "packages": {
    "": {
      "name": "shipvitals",
      "version": "1.0.0-beta.1",
      "license": "MIT",
      "bin": {
        "shipvitals": "cli/bin/shipvitals.js"
      },
      "engines": {
        "node": ">=18"
      }
    }
  }
}
